// !$*UTF8*$!
{
	archiveVersion = 1;
	classes = {
	};
	objectVersion = 56;
	objects = {

/* Begin PBXBuildFile section */
		7798474B2BE9C75200429F9E /* Practice3App.swift in Sources */ = {isa = PBXBuildFile; fileRef = 7798474A2BE9C75200429F9E /* Practice3App.swift */; };
		7798474D2BE9C75200429F9E /* ContentView.swift in Sources */ = {isa = PBXBuildFile; fileRef = 7798474C2BE9C75200429F9E /* ContentView.swift */; };
		7798474F2BE9C75300429F9E /* Assets.xcassets in Resources */ = {isa = PBXBuildFile; fileRef = 7798474E2BE9C75300429F9E /* Assets.xcassets */; };
		779847522BE9C75300429F9E /* Preview Assets.xcassets in Resources */ = {isa = PBXBuildFile; fileRef = 779847512BE9C75300429F9E /* Preview Assets.xcassets */; };
		779847592BE9C76400429F9E /* checkThema.swift in Sources */ = {isa = PBXBuildFile; fileRef = 779847582BE9C76400429F9E /* checkThema.swift */; };
		7798475B2BE9D48C00429F9E /* Love.txt in Resources */ = {isa = PBXBuildFile; fileRef = 7798475A2BE9D48C00429F9E /* Love.txt */; };
		779847602BE9D51000429F9E /* bringSentence_.swift in Sources */ = {isa = PBXBuildFile; fileRef = 7798475F2BE9D51000429F9E /* bringSentence_.swift */; };
		779847632BE9D95C00429F9E /* Motive.txt in Resources */ = {isa = PBXBuildFile; fileRef = 779847622BE9D95C00429F9E /* Motive.txt */; };
		779847662BE9DE3800429F9E /* viewSenteces.swift in Sources */ = {isa = PBXBuildFile; fileRef = 779847652BE9DE3800429F9E /* viewSenteces.swift */; };
		77A4FD1C2BEC69EF001C8691 /* backGround.jpg in Resources */ = {isa = PBXBuildFile; fileRef = 77A4FD1B2BEC69EF001C8691 /* backGround.jpg */; };
		77A4FD1E2BECC15E001C8691 /* timeSet.swift in Sources */ = {isa = PBXBuildFile; fileRef = 77A4FD1D2BECC15E001C8691 /* timeSet.swift */; };
		77A4FD242BECE2BE001C8691 /* time.swift in Sources */ = {isa = PBXBuildFile; fileRef = 77A4FD232BECE2BE001C8691 /* time.swift */; };
		77DCD5D12BEB4F3C00DCA7CC /* YEONGJUSeonbi.otf in Resources */ = {isa = PBXBuildFile; fileRef = 77DCD5D02BEB4F3C00DCA7CC /* YEONGJUSeonbi.otf */; };
		77DCD5D32BEB540300DCA7CC /* SwiftUIView.swift in Sources */ = {isa = PBXBuildFile; fileRef = 77DCD5D22BEB540300DCA7CC /* SwiftUIView.swift */; };
/* End PBXBuildFile section */

/* Begin PBXFileReference section */
		779847472BE9C75200429F9E /* Practice3.app */ = {isa = PBXFileReference; explicitFileType = wrapper.application; includeInIndex = 0; path = Practice3.app; sourceTree = BUILT_PRODUCTS_DIR; };
		7798474A2BE9C75200429F9E /* Practice3App.swift */ = {isa = PBXFileReference; lastKnownFileType = sourcecode.swift; path = Practice3App.swift; sourceTree = "<group>"; };
		7798474C2BE9C75200429F9E /* ContentView.swift */ = {isa = PBXFileReference; lastKnownFileType = sourcecode.swift; path = ContentView.swift; sourceTree = "<group>"; };
		7798474E2BE9C75300429F9E /* Assets.xcassets */ = {isa = PBXFileReference; lastKnownFileType = folder.assetcatalog; path = Assets.xcassets; sourceTree = "<group>"; };
		779847512BE9C75300429F9E /* Preview Assets.xcassets */ = {isa = PBXFileReference; lastKnownFileType = folder.assetcatalog; path = "Preview Assets.xcassets"; sourceTree = "<group>"; };
		779847582BE9C76400429F9E /* checkThema.swift */ = {isa = PBXFileReference; lastKnownFileType = sourcecode.swift; path = checkThema.swift; sourceTree = "<group>"; };
		7798475A2BE9D48C00429F9E /* Love.txt */ = {isa = PBXFileReference; fileEncoding = 4; lastKnownFileType = text; path = Love.txt; sourceTree = "<group>"; };
		7798475F2BE9D51000429F9E /* bringSentence_.swift */ = {isa = PBXFileReference; lastKnownFileType = sourcecode.swift; path = bringSentence_.swift; sourceTree = "<group>"; };
		779847622BE9D95C00429F9E /* Motive.txt */ = {isa = PBXFileReference; fileEncoding = 4; lastKnownFileType = text; path = Motive.txt; sourceTree = "<group>"; };
		779847652BE9DE3800429F9E /* viewSenteces.swift */ = {isa = PBXFileReference; lastKnownFileType = sourcecode.swift; path = viewSenteces.swift; sourceTree = "<group>"; };
		77A4FD1B2BEC69EF001C8691 /* backGround.jpg */ = {isa = PBXFileReference; lastKnownFileType = image.jpeg; path = backGround.jpg; sourceTree = "<group>"; };
		77A4FD1D2BECC15E001C8691 /* timeSet.swift */ = {isa = PBXFileReference; lastKnownFileType = sourcecode.swift; path = timeSet.swift; sourceTree = "<group>"; };
		77A4FD232BECE2BE001C8691 /* time.swift */ = {isa = PBXFileReference; lastKnownFileType = sourcecode.swift; path = time.swift; sourceTree = "<group>"; };
		77DCD5CE2BEB450000DCA7CC /* Info.plist */ = {isa = PBXFileReference; lastKnownFileType = text.plist; path = Info.plist; sourceTree = "<group>"; };
		77DCD5D02BEB4F3C00DCA7CC /* YEONGJUSeonbi.otf */ = {isa = PBXFileReference; lastKnownFileType = file; path = YEONGJUSeonbi.otf; sourceTree = "<group>"; };
		77DCD5D22BEB540300DCA7CC /* SwiftUIView.swift */ = {isa = PBXFileReference; lastKnownFileType = sourcecode.swift; path = SwiftUIView.swift; sourceTree = "<group>"; };
/* End PBXFileReference section */

/* Begin PBXFrameworksBuildPhase section */
		779847442BE9C75200429F9E /* Frameworks */ = {
			isa = PBXFrameworksBuildPhase;
			buildActionMask = 2147483647;
			files = (
			);
			runOnlyForDeploymentPostprocessing = 0;
		};
/* End PBXFrameworksBuildPhase section */

/* Begin PBXGroup section */
		7798473E2BE9C75200429F9E = {
			isa = PBXGroup;
			children = (
				77DCD5D22BEB540300DCA7CC /* SwiftUIView.swift */,
				779847492BE9C75200429F9E /* Practice3 */,
				779847482BE9C75200429F9E /* Products */,
			);
			sourceTree = "<group>";
		};
		779847482BE9C75200429F9E /* Products */ = {
			isa = PBXGroup;
			children = (
				779847472BE9C75200429F9E /* Practice3.app */,
			);
			name = Products;
			sourceTree = "<group>";
		};
		779847492BE9C75200429F9E /* Practice3 */ = {
			isa = PBXGroup;
			children = (
				77A4FD1B2BEC69EF001C8691 /* backGround.jpg */,
				77DCD5CE2BEB450000DCA7CC /* Info.plist */,
				7798474A2BE9C75200429F9E /* Practice3App.swift */,
				7798474C2BE9C75200429F9E /* ContentView.swift */,
				779847652BE9DE3800429F9E /* viewSenteces.swift */,
				779847582BE9C76400429F9E /* checkThema.swift */,
				77A4FD212BECE014001C8691 /* aboutTime */,
				77DCD5CF2BEB452600DCA7CC /* Font */,
				779847642BE9DAFA00429F9E /* txts */,
				7798475F2BE9D51000429F9E /* bringSentence_.swift */,
				7798474E2BE9C75300429F9E /* Assets.xcassets */,
				779847502BE9C75300429F9E /* Preview Content */,
			);
			path = Practice3;
			sourceTree = "<group>";
		};
		779847502BE9C75300429F9E /* Preview Content */ = {
			isa = PBXGroup;
			children = (
				779847512BE9C75300429F9E /* Preview Assets.xcassets */,
			);
			path = "Preview Content";
			sourceTree = "<group>";
		};
		779847642BE9DAFA00429F9E /* txts */ = {
			isa = PBXGroup;
			children = (
				779847622BE9D95C00429F9E /* Motive.txt */,
				7798475A2BE9D48C00429F9E /* Love.txt */,
			);
			path = txts;
			sourceTree = "<group>";
		};
		77A4FD212BECE014001C8691 /* aboutTime */ = {
			isa = PBXGroup;
			children = (
				77A4FD1D2BECC15E001C8691 /* timeSet.swift */,
				77A4FD232BECE2BE001C8691 /* time.swift */,
			);
			path = aboutTime;
			sourceTree = "<group>";
		};
		77DCD5CF2BEB452600DCA7CC /* Font */ = {
			isa = PBXGroup;
			children = (
				77DCD5D02BEB4F3C00DCA7CC /* YEONGJUSeonbi.otf */,
			);
			path = Font;
			sourceTree = "<group>";
		};
/* End PBXGroup section */

/* Begin PBXNativeTarget section */
		779847462BE9C75200429F9E /* Practice3 */ = {
			isa = PBXNativeTarget;
			buildConfigurationList = 779847552BE9C75300429F9E /* Build configuration list for PBXNativeTarget "Practice3" */;
			buildPhases = (
				779847432BE9C75200429F9E /* Sources */,
				779847442BE9C75200429F9E /* Frameworks */,
				779847452BE9C75200429F9E /* Resources */,
			);
			buildRules = (
			);
			dependencies = (
			);
			name = Practice3;
			productName = Practice3;
			productReference = 779847472BE9C75200429F9E /* Practice3.app */;
			productType = "com.apple.product-type.application";
		};
/* End PBXNativeTarget section */

/* Begin PBXProject section */
		7798473F2BE9C75200429F9E /* Project object */ = {
			isa = PBXProject;
			attributes = {
				BuildIndependentTargetsInParallel = 1;
				LastSwiftUpdateCheck = 1500;
				LastUpgradeCheck = 1500;
				TargetAttributes = {
					779847462BE9C75200429F9E = {
						CreatedOnToolsVersion = 15.0.1;
					};
				};
			};
			buildConfigurationList = 779847422BE9C75200429F9E /* Build configuration list for PBXProject "Practice3" */;
			compatibilityVersion = "Xcode 14.0";
			developmentRegion = en;
			hasScannedForEncodings = 0;
			knownRegions = (
				en,
				Base,
			);
			mainGroup = 7798473E2BE9C75200429F9E;
			productRefGroup = 779847482BE9C75200429F9E /* Products */;
			projectDirPath = "";
			projectRoot = "";
			targets = (
				779847462BE9C75200429F9E /* Practice3 */,
			);
		};
/* End PBXProject section */

/* Begin PBXResourcesBuildPhase section */
		779847452BE9C75200429F9E /* Resources */ = {
			isa = PBXResourcesBuildPhase;
			buildActionMask = 2147483647;
			files = (
				779847522BE9C75300429F9E /* Preview Assets.xcassets in Resources */,
				779847632BE9D95C00429F9E /* Motive.txt in Resources */,
				7798474F2BE9C75300429F9E /* Assets.xcassets in Resources */,
				77DCD5D12BEB4F3C00DCA7CC /* YEONGJUSeonbi.otf in Resources */,
				7798475B2BE9D48C00429F9E /* Love.txt in Resources */,
				77A4FD1C2BEC69EF001C8691 /* backGround.jpg in Resources */,
			);
			runOnlyForDeploymentPostprocessing = 0;
		};
/* End PBXResourcesBuildPhase section */

/* Begin PBXSourcesBuildPhase section */
		779847432BE9C75200429F9E /* Sources */ = {
			isa = PBXSourcesBuildPhase;
			buildActionMask = 2147483647;
			files = (
				779847592BE9C76400429F9E /* checkThema.swift in Sources */,
				77A4FD1E2BECC15E001C8691 /* timeSet.swift in Sources */,
				779847602BE9D51000429F9E /* bringSentence_.swift in Sources */,
				77DCD5D32BEB540300DCA7CC /* SwiftUIView.swift in Sources */,
				77A4FD242BECE2BE001C8691 /* time.swift in Sources */,
				7798474D2BE9C75200429F9E /* ContentView.swift in Sources */,
				7798474B2BE9C75200429F9E /* Practice3App.swift in Sources */,
				779847662BE9DE3800429F9E /* viewSenteces.swift in Sources */,
			);
			runOnlyForDeploymentPostprocessing = 0;
		};
/* End PBXSourcesBuildPhase section */

/* Begin XCBuildConfiguration section */
		779847532BE9C75300429F9E /* Debug */ = {
			isa = XCBuildConfiguration;
			buildSettings = {
				ALWAYS_SEARCH_USER_PATHS = NO;
				ASSETCATALOG_COMPILER_GENERATE_SWIFT_ASSET_SYMBOL_EXTENSIONS = YES;
				CLANG_ANALYZER_NONNULL = YES;
				CLANG_ANALYZER_NUMBER_OBJECT_CONVERSION = YES_AGGRESSIVE;
				CLANG_CXX_LANGUAGE_STANDARD = "gnu++20";
				CLANG_ENABLE_MODULES = YES;
				CLANG_ENABLE_OBJC_ARC = YES;
				CLANG_ENABLE_OBJC_WEAK = YES;
				CLANG_WARN_BLOCK_CAPTURE_AUTORELEASING = YES;
				CLANG_WARN_BOOL_CONVERSION = YES;
				CLANG_WARN_COMMA = YES;
				CLANG_WARN_CONSTANT_CONVERSION = YES;
				CLANG_WARN_DEPRECATED_OBJC_IMPLEMENTATIONS = YES;
				CLANG_WARN_DIRECT_OBJC_ISA_USAGE = YES_ERROR;
				CLANG_WARN_DOCUMENTATION_COMMENTS = YES;
				CLANG_WARN_EMPTY_BODY = YES;
				CLANG_WARN_ENUM_CONVERSION = YES;
				CLANG_WARN_INFINITE_RECURSION = YES;
				CLANG_WARN_INT_CONVERSION = YES;
				CLANG_WARN_NON_LITERAL_NULL_CONVERSION = YES;
				CLANG_WARN_OBJC_IMPLICIT_RETAIN_SELF = YES;
				CLANG_WARN_OBJC_LITERAL_CONVERSION = YES;
				CLANG_WARN_OBJC_ROOT_CLASS = YES_ERROR;
				CLANG_WARN_QUOTED_INCLUDE_IN_FRAMEWORK_HEADER = YES;
				CLANG_WARN_RANGE_LOOP_ANALYSIS = YES;
				CLANG_WARN_STRICT_PROTOTYPES = YES;
				CLANG_WARN_SUSPICIOUS_MOVE = YES;
				CLANG_WARN_UNGUARDED_AVAILABILITY = YES_AGGRESSIVE;
				CLANG_WARN_UNREACHABLE_CODE = YES;
				CLANG_WARN__DUPLICATE_METHOD_MATCH = YES;
				COPY_PHASE_STRIP = NO;
				DEBUG_INFORMATION_FORMAT = dwarf;
				ENABLE_STRICT_OBJC_MSGSEND = YES;
				ENABLE_TESTABILITY = YES;
				ENABLE_USER_SCRIPT_SANDBOXING = YES;
				GCC_C_LANGUAGE_STANDARD = gnu17;
				GCC_DYNAMIC_NO_PIC = NO;
				GCC_NO_COMMON_BLOCKS = YES;
				GCC_OPTIMIZATION_LEVEL = 0;
				GCC_PREPROCESSOR_DEFINITIONS = (
					"DEBUG=1",
					"$(inherited)",
				);
				GCC_WARN_64_TO_32_BIT_CONVERSION = YES;
				GCC_WARN_ABOUT_RETURN_TYPE = YES_ERROR;
				GCC_WARN_UNDECLARED_SELECTOR = YES;
				GCC_WARN_UNINITIALIZED_AUTOS = YES_AGGRESSIVE;
				GCC_WARN_UNUSED_FUNCTION = YES;
				GCC_WARN_UNUSED_VARIABLE = YES;
				IPHONEOS_DEPLOYMENT_TARGET = 17.0;
				LOCALIZATION_PREFERS_STRING_CATALOGS = YES;
				MTL_ENABLE_DEBUG_INFO = INCLUDE_SOURCE;
				MTL_FAST_MATH = YES;
				ONLY_ACTIVE_ARCH = YES;
				SDKROOT = iphoneos;
				SWIFT_ACTIVE_COMPILATION_CONDITIONS = "DEBUG $(inherited)";
				SWIFT_OPTIMIZATION_LEVEL = "-Onone";
			};
			name = Debug;
		};
		779847542BE9C75300429F9E /* Release */ = {
			isa = XCBuildConfiguration;
			buildSettings = {
				ALWAYS_SEARCH_USER_PATHS = NO;
				ASSETCATALOG_COMPILER_GENERATE_SWIFT_ASSET_SYMBOL_EXTENSIONS = YES;
				CLANG_ANALYZER_NONNULL = YES;
				CLANG_ANALYZER_NUMBER_OBJECT_CONVERSION = YES_AGGRESSIVE;
				CLANG_CXX_LANGUAGE_STANDARD = "gnu++20";
				CLANG_ENABLE_MODULES = YES;
				CLANG_ENABLE_OBJC_ARC = YES;
				CLANG_ENABLE_OBJC_WEAK = YES;
				CLANG_WARN_BLOCK_CAPTURE_AUTORELEASING = YES;
				CLANG_WARN_BOOL_CONVERSION = YES;
				CLANG_WARN_COMMA = YES;
				CLANG_WARN_CONSTANT_CONVERSION = YES;
				CLANG_WARN_DEPRECATED_OBJC_IMPLEMENTATIONS = YES;
				CLANG_WARN_DIRECT_OBJC_ISA_USAGE = YES_ERROR;
				CLANG_WARN_DOCUMENTATION_COMMENTS = YES;
				CLANG_WARN_EMPTY_BODY = YES;
				CLANG_WARN_ENUM_CONVERSION = YES;
				CLANG_WARN_INFINITE_RECURSION = YES;
				CLANG_WARN_INT_CONVERSION = YES;
				CLANG_WARN_NON_LITERAL_NULL_CONVERSION = YES;
				CLANG_WARN_OBJC_IMPLICIT_RETAIN_SELF = YES;
				CLANG_WARN_OBJC_LITERAL_CONVERSION = YES;
				CLANG_WARN_OBJC_ROOT_CLASS = YES_ERROR;
				CLANG_WARN_QUOTED_INCLUDE_IN_FRAMEWORK_HEADER = YES;
				CLANG_WARN_RANGE_LOOP_ANALYSIS = YES;
				CLANG_WARN_STRICT_PROTOTYPES = YES;
				CLANG_WARN_SUSPICIOUS_MOVE = YES;
				CLANG_WARN_UNGUARDED_AVAILABILITY = YES_AGGRESSIVE;
				CLANG_WARN_UNREACHABLE_CODE = YES;
				CLANG_WARN__DUPLICATE_METHOD_MATCH = YES;
				COPY_PHASE_STRIP = NO;
				DEBUG_INFORMATION_FORMAT = "dwarf-with-dsym";
				ENABLE_NS_ASSERTIONS = NO;
				ENABLE_STRICT_OBJC_MSGSEND = YES;
				ENABLE_USER_SCRIPT_SANDBOXING = YES;
				GCC_C_LANGUAGE_STANDARD = gnu17;
				GCC_NO_COMMON_BLOCKS = YES;
				GCC_WARN_64_TO_32_BIT_CONVERSION = YES;
				GCC_WARN_ABOUT_RETURN_TYPE = YES_ERROR;
				GCC_WARN_UNDECLARED_SELECTOR = YES;
				GCC_WARN_UNINITIALIZED_AUTOS = YES_AGGRESSIVE;
				GCC_WARN_UNUSED_FUNCTION = YES;
				GCC_WARN_UNUSED_VARIABLE = YES;
				IPHONEOS_DEPLOYMENT_TARGET = 17.0;
				LOCALIZATION_PREFERS_STRING_CATALOGS = YES;
				MTL_ENABLE_DEBUG_INFO = NO;
				MTL_FAST_MATH = YES;
				SDKROOT = iphoneos;
				SWIFT_COMPILATION_MODE = wholemodule;
				VALIDATE_PRODUCT = YES;
			};
			name = Release;
		};
		779847562BE9C75300429F9E /* Debug */ = {
			isa = XCBuildConfiguration;
			buildSettings = {
				ASSETCATALOG_COMPILER_APPICON_NAME = AppIcon;
				ASSETCATALOG_COMPILER_GLOBAL_ACCENT_COLOR_NAME = AccentColor;
				CODE_SIGN_STYLE = Automatic;
				CURRENT_PROJECT_VERSION = 1;
				DEVELOPMENT_ASSET_PATHS = "\"Practice3/Preview Content\"";
				DEVELOPMENT_TEAM = S6R67K7J9C;
				ENABLE_PREVIEWS = YES;
				GENERATE_INFOPLIST_FILE = YES;
				INFOPLIST_FILE = Practice3/Info.plist;
				INFOPLIST_KEY_LSApplicationCategoryType = "";
				INFOPLIST_KEY_UIApplicationSceneManifest_Generation = YES;
				INFOPLIST_KEY_UIApplicationSupportsIndirectInputEvents = YES;
				INFOPLIST_KEY_UILaunchScreen_Generation = YES;
				INFOPLIST_KEY_UISupportedInterfaceOrientations_iPad = "UIInterfaceOrientationPortrait UIInterfaceOrientationPortraitUpsideDown UIInterfaceOrientationLandscapeLeft UIInterfaceOrientationLandscapeRight";
				INFOPLIST_KEY_UISupportedInterfaceOrientations_iPhone = "UIInterfaceOrientationPortrait UIInterfaceOrientationLandscapeLeft UIInterfaceOrientationLandscapeRight";
				LD_RUNPATH_SEARCH_PATHS = (
					"$(inherited)",
					"@executable_path/Frameworks",
				);
				MARKETING_VERSION = 1.0;
				PRODUCT_BUNDLE_IDENTIFIER = com.chewing0711.Practice3;
				PRODUCT_NAME = "$(TARGET_NAME)";
				SWIFT_EMIT_LOC_STRINGS = YES;
				SWIFT_VERSION = 5.0;
				TARGETED_DEVICE_FAMILY = "1,2";
			};
			name = Debug;
		};
		779847572BE9C75300429F9E /* Release */ = {
			isa = XCBuildConfiguration;
			buildSettings = {
				ASSETCATALOG_COMPILER_APPICON_NAME = AppIcon;
				ASSETCATALOG_COMPILER_GLOBAL_ACCENT_COLOR_NAME = AccentColor;
				CODE_SIGN_STYLE = Automatic;
				CURRENT_PROJECT_VERSION = 1;
				DEVELOPMENT_ASSET_PATHS = "\"Practice3/Preview Content\"";
				DEVELOPMENT_TEAM = S6R67K7J9C;
				ENABLE_PREVIEWS = YES;
				GENERATE_INFOPLIST_FILE = YES;
				INFOPLIST_FILE = Practice3/Info.plist;
				INFOPLIST_KEY_LSApplicationCategoryType = "";
				INFOPLIST_KEY_UIApplicationSceneManifest_Generation = YES;
				INFOPLIST_KEY_UIApplicationSupportsIndirectInputEvents = YES;
				INFOPLIST_KEY_UILaunchScreen_Generation = YES;
				INFOPLIST_KEY_UISupportedInterfaceOrientations_iPad = "UIInterfaceOrientationPortrait UIInterfaceOrientationPortraitUpsideDown UIInterfaceOrientationLandscapeLeft UIInterfaceOrientationLandscapeRight";
				INFOPLIST_KEY_UISupportedInterfaceOrientations_iPhone = "UIInterfaceOrientationPortrait UIInterfaceOrientationLandscapeLeft UIInterfaceOrientationLandscapeRight";
				LD_RUNPATH_SEARCH_PATHS = (
					"$(inherited)",
					"@executable_path/Frameworks",
				);
				MARKETING_VERSION = 1.0;
				PRODUCT_BUNDLE_IDENTIFIER = com.chewing0711.Practice3;
				PRODUCT_NAME = "$(TARGET_NAME)";
				SWIFT_EMIT_LOC_STRINGS = YES;
				SWIFT_VERSION = 5.0;
				TARGETED_DEVICE_FAMILY = "1,2";
			};
			name = Release;
		};
/* End XCBuildConfiguration section */

/* Begin XCConfigurationList section */
		779847422BE9C75200429F9E /* Build configuration list for PBXProject "Practice3" */ = {
			isa = XCConfigurationList;
			buildConfigurations = (
				779847532BE9C75300429F9E /* Debug */,
				779847542BE9C75300429F9E /* Release */,
			);
			defaultConfigurationIsVisible = 0;
			defaultConfigurationName = Release;
		};
		779847552BE9C75300429F9E /* Build configuration list for PBXNativeTarget "Practice3" */ = {
			isa = XCConfigurationList;
			buildConfigurations = (
				779847562BE9C75300429F9E /* Debug */,
				779847572BE9C75300429F9E /* Release */,
			);
			defaultConfigurationIsVisible = 0;
			defaultConfigurationName = Release;
		};
/* End XCConfigurationList section */
	};
	rootObject = 7798473F2BE9C75200429F9E /* Project object */;
}
